PODS:
  - Starscream (3.1.0)
  - SwiftProtobuf (1.4.0)

DEPENDENCIES:
  - Starscream
  - SwiftProtobuf

SPEC REPOS:
  https://github.com/cocoapods/specs.git:
    - Starscream
    - SwiftProtobuf

SPEC CHECKSUMS:
  Starscream: 08172b481e145289c4930cb567230fb55897cfa4
  SwiftProtobuf: b06646ed6cdcfc3fecd074c6000fe0c413140e4f

PODFILE CHECKSUM: 97fba1780d60b8147ce777ab2a30c4838f9cedf1

COCOAPODS: 1.6.1
